<?xml version="1.0" encoding="utf-8"?>
<Project ToolsVersion="4.0" xmlns="http://schemas.microsoft.com/developer/msbuild/2003">
  <ItemGroup>
    <ClCompile Include="BusesCercanos.cpp" />
    <ClCompile Include="CrearReporte.cpp" />
    <ClCompile Include="Historial_Ruta.cpp" />
    <ClCompile Include="MenuTarjeta.cpp" />
    <ClCompile Include="PantallaPrincipalConductor.cpp" />
    <ClCompile Include="CrearCuenta.cpp" />
    <ClCompile Include="AtajosMantenimientoEditar.cpp" />
    <ClCompile Include="EmpleadoMantenimientoEditar.cpp" />
    <ClCompile Include="HorarioMantenimientoAnadir.cpp" />
    <ClCompile Include="HorarioMantenimientoEditar.cpp" />
    <ClCompile Include="MantenimientoMantenimientoAnadir.cpp" />
    <ClCompile Include="MantenimientoMantenimientoEditar.cpp" />
    <ClCompile Include="PantallaPrincipalPasajero.cpp" />
    <ClCompile Include="Pantalla_Horario_Conductor.cpp" />
    <ClCompile Include="Pantalla_Ver_Atajo.cpp" />
    <ClCompile Include="Pantalla_Ver_Ruta.cpp" />
    <ClCompile Include="ParaderoMantenimientoAnadir.cpp" />
    <ClCompile Include="ParaderoMantenimientoEditar.cpp" />
    <ClCompile Include="PasajeroMantenimientoEditar.cpp" />
    <ClCompile Include="AutobusMantenimientoAnadir.cpp" />
    <ClCompile Include="AutobusMantenimientoEditar.cpp" />
    <ClCompile Include="HorarioMantenimiento.cpp" />
    <ClCompile Include="MantenimientoMantenimiento.cpp" />
    <ClCompile Include="MantenimientoParadero.cpp" />
    <ClCompile Include="PPAdministradorEstadistica.cpp" />
    <ClCompile Include="PPAdministradorInformesEconomicos.cpp" />
    <ClCompile Include="PPAdministradorGestionReportesPasajeros.cpp" />
    <ClCompile Include="PPAdministradorMantenimientoBuses.cpp" />
    <ClCompile Include="PPPasajeroBusesCercanos.cpp" />
    <ClCompile Include="PPasajeroPromociones.cpp" />
    <ClCompile Include="PromocionesMantenimiento.cpp" />
    <ClCompile Include="RecargarTarjeta.cpp" />
    <ClCompile Include="RutaMantenimiento.cpp" />
    <ClCompile Include="AutobusMantenimiento.cpp" />
    <ClCompile Include="FrmPantallaAdministrador.cpp" />
    <ClCompile Include="EmpleadoMantenimientoNuevo.cpp" />
    <ClCompile Include="AtajosMantenimientoAnadir.cpp" />
    <ClCompile Include="PantallaIngreso.cpp" />
    <ClCompile Include="main.cpp" />
    <ClCompile Include="AtajoMantenimiento.cpp" />
    <ClCompile Include="EmpleadoMantenimiento.cpp" />
    <ClCompile Include="PasajeroMantenimiento.cpp" />
    <ClCompile Include="OlvidoContrasena.cpp" />
    <ClCompile Include="PantallaPrincipalAdministrador.cpp" />
    <ClCompile Include="PromocionesMantenimientoAnadir.cpp" />
    <ClCompile Include="PromocionesMantenimientoEditar.cpp" />
    <ClCompile Include="RutaMantenimientoAnadir.cpp" />
    <ClCompile Include="RutaMantenimientoEditar.cpp" />
    <ClCompile Include="SaldoPasajero.cpp" />
    <ClCompile Include="TarifarioVer.cpp" />
    <ClCompile Include="TarifarioMantenimiento.cpp" />
    <ClCompile Include="TarifarioMantenimientoAnadir.cpp" />
    <ClCompile Include="TarifarioMantenimientoEditar.cpp" />
    <ClCompile Include="VerBuses.cpp" />
    <ClCompile Include="PasajeroMantenimientoFoto.cpp" />
  </ItemGroup>
  <ItemGroup>
    <ClInclude Include="BusesCercanos.h" />
    <ClInclude Include="CrearReporte.h" />
    <ClInclude Include="Historial_Ruta.h" />
    <ClInclude Include="MenuTarjeta.h" />
    <ClInclude Include="PantallaPrincipalConductor.h" />
    <ClInclude Include="CrearCuenta.h" />
    <ClInclude Include="AtajosMantenimientoEditar.h" />
    <ClInclude Include="EmpleadoMantenimientoEditar.h" />
    <ClInclude Include="HorarioMantenimientoAnadir.h" />
    <ClInclude Include="HorarioMantenimientoEditar.h" />
    <ClInclude Include="MantenimientoMantenimientoAnadir.h" />
    <ClInclude Include="MantenimientoMantenimientoEditar.h" />
    <ClInclude Include="PantallaPrincipalPasajero.h" />
    <ClInclude Include="Pantalla_Horario_Conductor.h" />
    <ClInclude Include="Pantalla_Ver_Atajo.h" />
    <ClInclude Include="Pantalla_Ver_Ruta.h" />
    <ClInclude Include="ParaderoMantenimientoAnadir.h" />
    <ClInclude Include="ParaderoMantenimientoEditar.h" />
    <ClInclude Include="PasajeroMantenimientoEditar.h" />
    <ClInclude Include="AutobusMantenimientoAnadir.h" />
    <ClInclude Include="AutobusMantenimientoEditar.h" />
    <ClInclude Include="HorarioMantenimiento.h" />
    <ClInclude Include="MantenimientoMantenimiento.h" />
    <ClInclude Include="ParaderoMantenimiento.h" />
    <ClInclude Include="PPAdministradorEstadistica.h" />
    <ClInclude Include="PPAdministradorInformesEconomicos.h" />
    <ClInclude Include="PPAdministradorGestionReportesPasajeros.h" />
    <ClInclude Include="PPAdministradorMantenimientoBuses.h" />
    <ClInclude Include="PPPasajeroBusesCercanos.h" />
    <ClInclude Include="PPasajeroPromociones.h" />
    <ClInclude Include="PromocionesMantenimiento.h" />
    <ClInclude Include="RecargarTarjeta.h" />
    <ClInclude Include="RutaMantenimiento.h" />
    <ClInclude Include="AutobusMantenimiento.h" />
    <ClInclude Include="FrmPantallaAdministrador.h" />
    <ClInclude Include="EmpleadoMantenimientoNuevo.h" />
    <ClInclude Include="AtajosMantenimientoAnadir.h" />
    <ClInclude Include="PantallaIngreso.h" />
    <ClInclude Include="AtajoMantenimiento.h" />
    <ClInclude Include="EmpleadoMantenimiento.h" />
    <ClInclude Include="PasajeroMantenimiento.h" />
    <ClInclude Include="OlvidoContrasena.h" />
    <ClInclude Include="PantallaPrincipalAdministrador.h" />
    <ClInclude Include="PromocionesMantenimientoAnadir.h" />
    <ClInclude Include="PromocionesMantenimientoEditar.h" />
    <ClInclude Include="RutaMantenimientoAnadir.h" />
    <ClInclude Include="RutaMantenimientoEditar.h" />
    <ClInclude Include="SaldoPasajero.h" />
    <ClInclude Include="TarifarioVer.h" />
    <ClInclude Include="TarifarioMantenimiento.h" />
    <ClInclude Include="TarifarioMantenimientoAnadir.h" />
    <ClInclude Include="TarifarioMantenimientoEditar.h" />
    <ClInclude Include="VerBuses.h" />
    <ClInclude Include="PasajeroMantenimientoFoto.h" />
  </ItemGroup>
  <ItemGroup>
    <Image Include="Botones.jpeg" />
    <Image Include="Fondo.png" />
  </ItemGroup>
  <ItemGroup>
    <EmbeddedResource Include="TarifarioMantenimiento.resx" />
  </ItemGroup>
  <ItemGroup>
    <Text Include="BuzonSugerencia.txt" />
    <Text Include="Calificacion.txt" />
    <Text Include="Emergencia.txt" />
    <Text Include="ListaEmpleados.txt" />
    <Text Include="Horario.txt" />
    <Text Include="Lista_Atajos.txt" />
    <Text Include="Lista_Autobuses.txt" />
    <Text Include="Lista_Informes.txt" />
    <Text Include="Tarifario.txt" />
    <Text Include="ListaPasajeros.txt" />
    <Text Include="Lista_Rutas.txt" />
    <Text Include="Lista_SituacionRecorrido.txt" />
    <Text Include="Mantenimientos.txt" />
    <Text Include="MedidasEstadisticas.txt" />
    <Text Include="Paradero.txt" />
    <Text Include="Personas.txt" />
    <Text Include="Promociones.txt" />
    <Text Include="Ruta.txt" />
    <Text Include="Tarjetas.txt" />
  </ItemGroup>
</Project>